{
    "name": "cheesefinder",
    "version": "1.0.0",
    "lockfileVersion": 3,
    "requires": true,
    "packages": {
        "": {
            "name": "cheesefinder",
            "version": "1.0.0",
            "license": "ISC",
            "devDependencies": {},
            "engines": {
                "node": ">=7.6.0",
                "npm": ">=4.1.2"
            }
        }
    }
}
